<?xml version="1.0" encoding="utf-8"?>
<Project ToolsVersion="4.0" xmlns="http://schemas.microsoft.com/developer/msbuild/2003">
  <ItemGroup>
    <Filter Include="源文件">
      <UniqueIdentifier>{4FC737F1-C7A5-4376-A066-2A32D752A2FF}</UniqueIdentifier>
      <Extensions>cpp;c;cc;cxx;c++;cppm;ixx;def;odl;idl;hpj;bat;asm;asmx</Extensions>
    </Filter>
    <Filter Include="头文件">
      <UniqueIdentifier>{93995380-89BD-4b04-88EB-625FBE52EBFB}</UniqueIdentifier>
      <Extensions>h;hh;hpp;hxx;h++;hm;inl;inc;ipp;xsd</Extensions>
    </Filter>
    <Filter Include="资源文件">
      <UniqueIdentifier>{67DA6AB6-F800-4c08-8B7A-83BB121AAD01}</UniqueIdentifier>
      <Extensions>rc;ico;cur;bmp;dlg;rc2;rct;bin;rgs;gif;jpg;jpeg;jpe;resx;tiff;tif;png;wav;mfcribbon-ms</Extensions>
    </Filter>
    <Filter Include="源文件\ptp">
      <UniqueIdentifier>{ed3d00d0-76f2-4b26-8710-362cef587e55}</UniqueIdentifier>
    </Filter>
    <Filter Include="源文件\ipc">
      <UniqueIdentifier>{c0183e73-ab75-4755-b769-351ffc4f621e}</UniqueIdentifier>
    </Filter>
    <Filter Include="源文件\inproc">
      <UniqueIdentifier>{afdf5cb1-67ed-4d1b-b92e-7abfaedbe2af}</UniqueIdentifier>
    </Filter>
    <Filter Include="源文件\topic">
      <UniqueIdentifier>{162747ca-a3e5-4338-ace6-8ed3bd10b628}</UniqueIdentifier>
    </Filter>
  </ItemGroup>
  <ItemGroup>
    <ClInclude Include="framework.h">
      <Filter>头文件</Filter>
    </ClInclude>
    <ClInclude Include="pch.h">
      <Filter>头文件</Filter>
    </ClInclude>
    <ClInclude Include="MsgLocalNode.h">
      <Filter>头文件</Filter>
    </ClInclude>
    <ClInclude Include="SysIPAddress.h">
      <Filter>头文件</Filter>
    </ClInclude>
    <ClInclude Include="msgtopic.h">
      <Filter>头文件</Filter>
    </ClInclude>
    <ClInclude Include="PubMgr.h">
      <Filter>头文件</Filter>
    </ClInclude>
    <ClInclude Include="MsgDef.h">
      <Filter>头文件</Filter>
    </ClInclude>
    <ClInclude Include="PubTable.h">
      <Filter>头文件</Filter>
    </ClInclude>
    <ClInclude Include="SubMgr.h">
      <Filter>头文件</Filter>
    </ClInclude>
    <ClInclude Include="SubTable.h">
      <Filter>头文件</Filter>
    </ClInclude>
    <ClInclude Include="TopicBroadcast.h">
      <Filter>头文件</Filter>
    </ClInclude>
    <ClInclude Include="Util.h">
      <Filter>头文件</Filter>
    </ClInclude>
    <ClInclude Include="ErrorQueue.h">
      <Filter>头文件</Filter>
    </ClInclude>
    <ClInclude Include="LocalTopic.h">
      <Filter>头文件</Filter>
    </ClInclude>
    <ClInclude Include="subscriber.h">
      <Filter>头文件</Filter>
    </ClInclude>
    <ClInclude Include="NonCopyable.h">
      <Filter>头文件</Filter>
    </ClInclude>
    <ClInclude Include="IMiniMsgBus.h">
      <Filter>头文件</Filter>
    </ClInclude>
    <ClInclude Include="IpcMsgBus.h">
      <Filter>头文件</Filter>
    </ClInclude>
    <ClInclude Include="InprocMsgBus.h">
      <Filter>头文件</Filter>
    </ClInclude>
    <ClInclude Include="IPtPNet.h">
      <Filter>头文件</Filter>
    </ClInclude>
    <ClInclude Include="PtPNet.h">
      <Filter>头文件</Filter>
    </ClInclude>
    <ClInclude Include="ObjSubMgr.h">
      <Filter>头文件</Filter>
    </ClInclude>
    <ClInclude Include="NetMsgBus.h">
      <Filter>头文件</Filter>
    </ClInclude>
    <ClInclude Include="BusFactory.h">
      <Filter>头文件</Filter>
    </ClInclude>
    <ClInclude Include="PtpFactory.h">
      <Filter>头文件</Filter>
    </ClInclude>
    <ClInclude Include="BridgeCore.h">
      <Filter>头文件</Filter>
    </ClInclude>
  </ItemGroup>
  <ItemGroup>
    <ClCompile Include="dllmain.cpp">
      <Filter>源文件</Filter>
    </ClCompile>
    <ClCompile Include="LocalTopic.cpp">
      <Filter>源文件\topic</Filter>
    </ClCompile>
    <ClCompile Include="MsgLocalNode.cpp">
      <Filter>源文件\topic</Filter>
    </ClCompile>
    <ClCompile Include="msgtopic.cpp">
      <Filter>源文件\topic</Filter>
    </ClCompile>
    <ClCompile Include="pch.cpp">
      <Filter>源文件\topic</Filter>
    </ClCompile>
    <ClCompile Include="PubMgr.cpp">
      <Filter>源文件\topic</Filter>
    </ClCompile>
    <ClCompile Include="PubTable.cpp">
      <Filter>源文件\topic</Filter>
    </ClCompile>
    <ClCompile Include="SubMgr.cpp">
      <Filter>源文件\topic</Filter>
    </ClCompile>
    <ClCompile Include="subscriber.cpp">
      <Filter>源文件\topic</Filter>
    </ClCompile>
    <ClCompile Include="SubTable.cpp">
      <Filter>源文件\topic</Filter>
    </ClCompile>
    <ClCompile Include="TopicBroadcast.cpp">
      <Filter>源文件\topic</Filter>
    </ClCompile>
    <ClCompile Include="Util.cpp">
      <Filter>源文件\topic</Filter>
    </ClCompile>
    <ClCompile Include="IMiniMsgBus.cpp">
      <Filter>源文件</Filter>
    </ClCompile>
    <ClCompile Include="IpcMsgBus.cpp">
      <Filter>源文件\ipc</Filter>
    </ClCompile>
    <ClCompile Include="InprocMsgBus.cpp">
      <Filter>源文件\inproc</Filter>
    </ClCompile>
    <ClCompile Include="IPtPNet.cpp">
      <Filter>源文件</Filter>
    </ClCompile>
    <ClCompile Include="ObjSubMgr.cpp">
      <Filter>源文件</Filter>
    </ClCompile>
    <ClCompile Include="PtPNet.cpp">
      <Filter>源文件\ptp</Filter>
    </ClCompile>
    <ClCompile Include="NetMsgBus.cpp">
      <Filter>源文件</Filter>
    </ClCompile>
    <ClCompile Include="BusFactory.cpp">
      <Filter>源文件</Filter>
    </ClCompile>
    <ClCompile Include="PtpFactory.cpp">
      <Filter>源文件</Filter>
    </ClCompile>
    <ClCompile Include="NonCopyable.cpp">
      <Filter>源文件\inproc</Filter>
    </ClCompile>
    <ClCompile Include="BridgeCore.cpp">
      <Filter>源文件</Filter>
    </ClCompile>
  </ItemGroup>
</Project>